
Microsoft Visual Studio Solution File, Format Version 12.00
# Visual Studio Version 17
VisualStudioVersion = 17.14.37111.16
MinimumVisualStudioVersion = 10.0.40219.1
Project("{FAE04EC0-301F-11D3-BF4B-00C04F79EFBC}") = "NetNIX", "NetNIX\NetNIX.csproj", "{36F51950-0AA7-4F25-B3A0-D47E9565453A}"
EndProject
Project("{2150E333-8FDC-42A3-9474-1A3956D46DE8}") = "builtin", "builtin", "{02EA681E-C7D8-13C7-8484-4AC65E1B71E8}"
EndProject
Project("{2150E333-8FDC-42A3-9474-1A3956D46DE8}") = "lib", "lib", "{30B30E88-971D-4A46-8BC6-31B177278D2E}"
EndProject
Project("{2150E333-8FDC-42A3-9474-1A3956D46DE8}") = "ReadMe_Resources", "ReadMe_Resources", "{5B51825E-B64D-4FAF-862A-08447DFD5921}"
	ProjectSection(SolutionItems) = preProject
		..\..\..\OneDrive\Pictures\NetNix\0.0.1 screens 1\Editor.png = ..\..\..\OneDrive\Pictures\NetNix\0.0.1 screens 1\Editor.png
		..\..\..\OneDrive\Pictures\NetNix\0.0.1 screens 1\Get Files From Web 1.png = ..\..\..\OneDrive\Pictures\NetNix\0.0.1 screens 1\Get Files From Web 1.png
		..\..\..\OneDrive\Pictures\NetNix\0.0.1 screens 1\Login.png = ..\..\..\OneDrive\Pictures\NetNix\0.0.1 screens 1\Login.png
		..\..\..\OneDrive\Pictures\NetNix\0.0.1 screens 1\SH Shell Script Test 1.png = ..\..\..\OneDrive\Pictures\NetNix\0.0.1 screens 1\SH Shell Script Test 1.png
		..\..\..\OneDrive\Pictures\NetNix\0.0.1 screens 1\SH Shell Script Test 2.png = ..\..\..\OneDrive\Pictures\NetNix\0.0.1 screens 1\SH Shell Script Test 2.png
		..\..\..\OneDrive\Pictures\NetNix\0.0.1 screens 1\Switch User.png = ..\..\..\OneDrive\Pictures\NetNix\0.0.1 screens 1\Switch User.png
		..\..\..\OneDrive\Pictures\NetNix\0.0.1 screens 1\Unzipping Archive.png = ..\..\..\OneDrive\Pictures\NetNix\0.0.1 screens 1\Unzipping Archive.png
		..\..\..\OneDrive\Pictures\NetNix\0.0.1 screens 1\Zipping Archive.png = ..\..\..\OneDrive\Pictures\NetNix\0.0.1 screens 1\Zipping Archive.png
	EndProjectSection
EndProject
Project("{2150E333-8FDC-42A3-9474-1A3956D46DE8}") = "Solution Items", "Solution Items", "{8EC462FD-D22E-90A8-E5CE-7E832BA40C5D}"
	ProjectSection(SolutionItems) = preProject
		..\..\..\OneDrive\Documents\NetNIX_Extra\extra.zip = ..\..\..\OneDrive\Documents\NetNIX_Extra\extra.zip
	EndProjectSection
EndProject
Global
	GlobalSection(SolutionConfigurationPlatforms) = preSolution
		Debug|Any CPU = Debug|Any CPU
		Release|Any CPU = Release|Any CPU
	EndGlobalSection
	GlobalSection(ProjectConfigurationPlatforms) = postSolution
		{36F51950-0AA7-4F25-B3A0-D47E9565453A}.Debug|Any CPU.ActiveCfg = Debug|Any CPU
		{36F51950-0AA7-4F25-B3A0-D47E9565453A}.Debug|Any CPU.Build.0 = Debug|Any CPU
		{36F51950-0AA7-4F25-B3A0-D47E9565453A}.Release|Any CPU.ActiveCfg = Release|Any CPU
		{36F51950-0AA7-4F25-B3A0-D47E9565453A}.Release|Any CPU.Build.0 = Release|Any CPU
	EndGlobalSection
	GlobalSection(SolutionProperties) = preSolution
		HideSolutionNode = FALSE
	EndGlobalSection
	GlobalSection(ExtensibilityGlobals) = postSolution
		SolutionGuid = {50F4E620-919A-45DC-B94E-73351D22B9CE}
	EndGlobalSection
EndGlobal
